
Microsoft Visual Studio Solution File, Format Version 12.00
# Visual Studio Version 17
VisualStudioVersion = 17.11.35431.28
MinimumVisualStudioVersion = 10.0.40219.1
Project("{FAE04EC0-301F-11D3-BF4B-00C04F79EFBC}") = "ComboBox", "ComboBox\ComboBox.csproj", "{FBBC9DF7-D45F-46D2-BB76-F6EAE790D638}"
EndProject
Global
	GlobalSection(SolutionConfigurationPlatforms) = preSolution
		Debug|Any CPU = Debug|Any CPU
		Release|Any CPU = Release|Any CPU
	EndGlobalSection
	GlobalSection(ProjectConfigurationPlatforms) = postSolution
		{FBBC9DF7-D45F-46D2-BB76-F6EAE790D638}.Debug|Any CPU.ActiveCfg = Debug|Any CPU
		{FBBC9DF7-D45F-46D2-BB76-F6EAE790D638}.Debug|Any CPU.Build.0 = Debug|Any CPU
		{FBBC9DF7-D45F-46D2-BB76-F6EAE790D638}.Release|Any CPU.ActiveCfg = Release|Any CPU
		{FBBC9DF7-D45F-46D2-BB76-F6EAE790D638}.Release|Any CPU.Build.0 = Release|Any CPU
	EndGlobalSection
	GlobalSection(SolutionProperties) = preSolution
		HideSolutionNode = FALSE
	EndGlobalSection
	GlobalSection(ExtensibilityGlobals) = postSolution
		SolutionGuid = {9821D3A3-042D-4ED6-8BA2-F83AE2368F0A}
	EndGlobalSection
EndGlobal
