
Microsoft Visual Studio Solution File, Format Version 12.00
# Visual Studio Version 17
VisualStudioVersion = 17.10.35201.131
MinimumVisualStudioVersion = 10.0.40219.1
Project("{FAE04EC0-301F-11D3-BF4B-00C04F79EFBC}") = "ArraysAsParameters", "ArraysAsParameters\ArraysAsParameters.csproj", "{408705F9-2830-406D-B70F-E805F18097B7}"
EndProject
Global
	GlobalSection(SolutionConfigurationPlatforms) = preSolution
		Debug|Any CPU = Debug|Any CPU
		Release|Any CPU = Release|Any CPU
	EndGlobalSection
	GlobalSection(ProjectConfigurationPlatforms) = postSolution
		{408705F9-2830-406D-B70F-E805F18097B7}.Debug|Any CPU.ActiveCfg = Debug|Any CPU
		{408705F9-2830-406D-B70F-E805F18097B7}.Debug|Any CPU.Build.0 = Debug|Any CPU
		{408705F9-2830-406D-B70F-E805F18097B7}.Release|Any CPU.ActiveCfg = Release|Any CPU
		{408705F9-2830-406D-B70F-E805F18097B7}.Release|Any CPU.Build.0 = Release|Any CPU
	EndGlobalSection
	GlobalSection(SolutionProperties) = preSolution
		HideSolutionNode = FALSE
	EndGlobalSection
	GlobalSection(ExtensibilityGlobals) = postSolution
		SolutionGuid = {9708F046-9FFF-4955-A606-7232C521A3A8}
	EndGlobalSection
EndGlobal
