
Microsoft Visual Studio Solution File, Format Version 12.00
# Visual Studio Version 17
VisualStudioVersion = 17.11.35327.3
MinimumVisualStudioVersion = 10.0.40219.1
Project("{FAE04EC0-301F-11D3-BF4B-00C04F79EFBC}") = "Variables-and-datatypes", "Variables-and-datatypes\Variables-and-datatypes.csproj", "{5293047E-713D-476E-A945-5142212FD510}"
EndProject
Global
	GlobalSection(SolutionConfigurationPlatforms) = preSolution
		Debug|Any CPU = Debug|Any CPU
		Release|Any CPU = Release|Any CPU
	EndGlobalSection
	GlobalSection(ProjectConfigurationPlatforms) = postSolution
		{5293047E-713D-476E-A945-5142212FD510}.Debug|Any CPU.ActiveCfg = Debug|Any CPU
		{5293047E-713D-476E-A945-5142212FD510}.Debug|Any CPU.Build.0 = Debug|Any CPU
		{5293047E-713D-476E-A945-5142212FD510}.Release|Any CPU.ActiveCfg = Release|Any CPU
		{5293047E-713D-476E-A945-5142212FD510}.Release|Any CPU.Build.0 = Release|Any CPU
	EndGlobalSection
	GlobalSection(SolutionProperties) = preSolution
		HideSolutionNode = FALSE
	EndGlobalSection
	GlobalSection(ExtensibilityGlobals) = postSolution
		SolutionGuid = {D8FCCB9B-35C3-470F-80BC-A49A00699CF0}
	EndGlobalSection
EndGlobal
