
Microsoft Visual Studio Solution File, Format Version 12.00
# Visual Studio Version 17
VisualStudioVersion = 17.11.35303.130
MinimumVisualStudioVersion = 10.0.40219.1
Project("{FAE04EC0-301F-11D3-BF4B-00C04F79EFBC}") = "Making Decisions", "Making Decisions\Making Decisions.csproj", "{BF4712F3-B04A-4424-B509-059063F13785}"
EndProject
Global
	GlobalSection(SolutionConfigurationPlatforms) = preSolution
		Debug|Any CPU = Debug|Any CPU
		Release|Any CPU = Release|Any CPU
	EndGlobalSection
	GlobalSection(ProjectConfigurationPlatforms) = postSolution
		{BF4712F3-B04A-4424-B509-059063F13785}.Debug|Any CPU.ActiveCfg = Debug|Any CPU
		{BF4712F3-B04A-4424-B509-059063F13785}.Debug|Any CPU.Build.0 = Debug|Any CPU
		{BF4712F3-B04A-4424-B509-059063F13785}.Release|Any CPU.ActiveCfg = Release|Any CPU
		{BF4712F3-B04A-4424-B509-059063F13785}.Release|Any CPU.Build.0 = Release|Any CPU
	EndGlobalSection
	GlobalSection(SolutionProperties) = preSolution
		HideSolutionNode = FALSE
	EndGlobalSection
	GlobalSection(ExtensibilityGlobals) = postSolution
		SolutionGuid = {E33581CB-2A6A-46FC-955F-F6B57A6BD0D8}
	EndGlobalSection
EndGlobal
