
Microsoft Visual Studio Solution File, Format Version 12.00
# Visual Studio Version 17
VisualStudioVersion = 17.11.35327.3
MinimumVisualStudioVersion = 10.0.40219.1
Project("{FAE04EC0-301F-11D3-BF4B-00C04F79EFBC}") = "Arrays", "Arrays\Arrays.csproj", "{4481AEB8-35B2-4AB0-AEE1-90BF6F2080C2}"
EndProject
Global
	GlobalSection(SolutionConfigurationPlatforms) = preSolution
		Debug|Any CPU = Debug|Any CPU
		Release|Any CPU = Release|Any CPU
	EndGlobalSection
	GlobalSection(ProjectConfigurationPlatforms) = postSolution
		{4481AEB8-35B2-4AB0-AEE1-90BF6F2080C2}.Debug|Any CPU.ActiveCfg = Debug|Any CPU
		{4481AEB8-35B2-4AB0-AEE1-90BF6F2080C2}.Debug|Any CPU.Build.0 = Debug|Any CPU
		{4481AEB8-35B2-4AB0-AEE1-90BF6F2080C2}.Release|Any CPU.ActiveCfg = Release|Any CPU
		{4481AEB8-35B2-4AB0-AEE1-90BF6F2080C2}.Release|Any CPU.Build.0 = Release|Any CPU
	EndGlobalSection
	GlobalSection(SolutionProperties) = preSolution
		HideSolutionNode = FALSE
	EndGlobalSection
	GlobalSection(ExtensibilityGlobals) = postSolution
		SolutionGuid = {D7823C42-1D3D-436B-A4F9-D369EF9DDE3F}
	EndGlobalSection
EndGlobal
