
Microsoft Visual Studio Solution File, Format Version 12.00
# Visual Studio Version 17
VisualStudioVersion = 17.11.35327.3
MinimumVisualStudioVersion = 10.0.40219.1
Project("{FAE04EC0-301F-11D3-BF4B-00C04F79EFBC}") = "Inheritance", "Inheritance\Inheritance.csproj", "{A3B96BBF-1090-4BDC-BD23-2FB1C44DA936}"
EndProject
Global
	GlobalSection(SolutionConfigurationPlatforms) = preSolution
		Debug|Any CPU = Debug|Any CPU
		Release|Any CPU = Release|Any CPU
	EndGlobalSection
	GlobalSection(ProjectConfigurationPlatforms) = postSolution
		{A3B96BBF-1090-4BDC-BD23-2FB1C44DA936}.Debug|Any CPU.ActiveCfg = Debug|Any CPU
		{A3B96BBF-1090-4BDC-BD23-2FB1C44DA936}.Debug|Any CPU.Build.0 = Debug|Any CPU
		{A3B96BBF-1090-4BDC-BD23-2FB1C44DA936}.Release|Any CPU.ActiveCfg = Release|Any CPU
		{A3B96BBF-1090-4BDC-BD23-2FB1C44DA936}.Release|Any CPU.Build.0 = Release|Any CPU
	EndGlobalSection
	GlobalSection(SolutionProperties) = preSolution
		HideSolutionNode = FALSE
	EndGlobalSection
	GlobalSection(ExtensibilityGlobals) = postSolution
		SolutionGuid = {2319D53A-B149-4E5C-B1C2-F8357E1BA430}
	EndGlobalSection
EndGlobal
