
Microsoft Visual Studio Solution File, Format Version 12.00
# Visual Studio Version 17
VisualStudioVersion = 17.11.35431.28
MinimumVisualStudioVersion = 10.0.40219.1
Project("{FAE04EC0-301F-11D3-BF4B-00C04F79EFBC}") = "Thread Basics", "Thread Basics\Thread Basics.csproj", "{57D08B65-F84F-435D-A08D-ED8A6CD8E2E1}"
EndProject
Global
	GlobalSection(SolutionConfigurationPlatforms) = preSolution
		Debug|Any CPU = Debug|Any CPU
		Release|Any CPU = Release|Any CPU
	EndGlobalSection
	GlobalSection(ProjectConfigurationPlatforms) = postSolution
		{57D08B65-F84F-435D-A08D-ED8A6CD8E2E1}.Debug|Any CPU.ActiveCfg = Debug|Any CPU
		{57D08B65-F84F-435D-A08D-ED8A6CD8E2E1}.Debug|Any CPU.Build.0 = Debug|Any CPU
		{57D08B65-F84F-435D-A08D-ED8A6CD8E2E1}.Release|Any CPU.ActiveCfg = Release|Any CPU
		{57D08B65-F84F-435D-A08D-ED8A6CD8E2E1}.Release|Any CPU.Build.0 = Release|Any CPU
	EndGlobalSection
	GlobalSection(SolutionProperties) = preSolution
		HideSolutionNode = FALSE
	EndGlobalSection
	GlobalSection(ExtensibilityGlobals) = postSolution
		SolutionGuid = {0E778904-ABF9-432F-BB8F-188065566C99}
	EndGlobalSection
EndGlobal
