
Microsoft Visual Studio Solution File, Format Version 12.00
# Visual Studio Version 17
VisualStudioVersion = 17.11.35431.28
MinimumVisualStudioVersion = 10.0.40219.1
Project("{FAE04EC0-301F-11D3-BF4B-00C04F79EFBC}") = "PasswordBox WPF", "PasswordBox WPF\PasswordBox WPF.csproj", "{B4E75A16-465D-4720-8096-8B59A38EBCDB}"
EndProject
Global
	GlobalSection(SolutionConfigurationPlatforms) = preSolution
		Debug|Any CPU = Debug|Any CPU
		Release|Any CPU = Release|Any CPU
	EndGlobalSection
	GlobalSection(ProjectConfigurationPlatforms) = postSolution
		{B4E75A16-465D-4720-8096-8B59A38EBCDB}.Debug|Any CPU.ActiveCfg = Debug|Any CPU
		{B4E75A16-465D-4720-8096-8B59A38EBCDB}.Debug|Any CPU.Build.0 = Debug|Any CPU
		{B4E75A16-465D-4720-8096-8B59A38EBCDB}.Release|Any CPU.ActiveCfg = Release|Any CPU
		{B4E75A16-465D-4720-8096-8B59A38EBCDB}.Release|Any CPU.Build.0 = Release|Any CPU
	EndGlobalSection
	GlobalSection(SolutionProperties) = preSolution
		HideSolutionNode = FALSE
	EndGlobalSection
	GlobalSection(ExtensibilityGlobals) = postSolution
		SolutionGuid = {447ED6A8-8582-4E0D-82E9-833E09BCAF70}
	EndGlobalSection
EndGlobal
