
Microsoft Visual Studio Solution File, Format Version 12.00
# Visual Studio Version 17
VisualStudioVersion = 17.11.35431.28
MinimumVisualStudioVersion = 10.0.40219.1
Project("{FAE04EC0-301F-11D3-BF4B-00C04F79EFBC}") = "WPF RadioButton And Images", "WPF RadioButton And Images\WPF RadioButton And Images.csproj", "{CC5A30D4-D5F8-4DB2-9B06-47ADB8241143}"
EndProject
Global
	GlobalSection(SolutionConfigurationPlatforms) = preSolution
		Debug|Any CPU = Debug|Any CPU
		Release|Any CPU = Release|Any CPU
	EndGlobalSection
	GlobalSection(ProjectConfigurationPlatforms) = postSolution
		{CC5A30D4-D5F8-4DB2-9B06-47ADB8241143}.Debug|Any CPU.ActiveCfg = Debug|Any CPU
		{CC5A30D4-D5F8-4DB2-9B06-47ADB8241143}.Debug|Any CPU.Build.0 = Debug|Any CPU
		{CC5A30D4-D5F8-4DB2-9B06-47ADB8241143}.Release|Any CPU.ActiveCfg = Release|Any CPU
		{CC5A30D4-D5F8-4DB2-9B06-47ADB8241143}.Release|Any CPU.Build.0 = Release|Any CPU
	EndGlobalSection
	GlobalSection(SolutionProperties) = preSolution
		HideSolutionNode = FALSE
	EndGlobalSection
	GlobalSection(ExtensibilityGlobals) = postSolution
		SolutionGuid = {FD0A075D-08D9-46AE-AAA8-6AAC51BFD74E}
	EndGlobalSection
EndGlobal
